Microsoft Visual Studio Solution File, Format Version 7.00
Project("{8BC9CEB8-8B4A-11D0-8D11-00A0C91BC942}") = "Test prog10_3", "Test prog10_3.vcproj", "{3F54B8C6-0A99-4C13-BDCE-069AC8F7BA77}"
EndProject
Global
	GlobalSection(SolutionConfiguration) = preSolution
		ConfigName.0 = Debug
		ConfigName.1 = Release
	EndGlobalSection
	GlobalSection(ProjectDependencies) = postSolution
	EndGlobalSection
	GlobalSection(ProjectConfiguration) = postSolution
		{3F54B8C6-0A99-4C13-BDCE-069AC8F7BA77}.Debug.ActiveCfg = Debug|Win32
		{3F54B8C6-0A99-4C13-BDCE-069AC8F7BA77}.Debug.Build.0 = Debug|Win32
		{3F54B8C6-0A99-4C13-BDCE-069AC8F7BA77}.Release.ActiveCfg = Release|Win32
		{3F54B8C6-0A99-4C13-BDCE-069AC8F7BA77}.Release.Build.0 = Release|Win32
	EndGlobalSection
	GlobalSection(ExtensibilityGlobals) = postSolution
	EndGlobalSection
	GlobalSection(ExtensibilityAddIns) = postSolution
	EndGlobalSection
EndGlobal
